
Microsoft Visual Studio Solution File, Format Version 12.00
# Visual Studio 15
VisualStudioVersion = 15.0.28010.2048
MinimumVisualStudioVersion = 10.0.40219.1
Project("{FAE04EC0-301F-11D3-BF4B-00C04F79EFBC}") = "Peppy2.Android", "Peppy2\Peppy2.Android\Peppy2.Android.csproj", "{309E9C5F-AF18-4AB8-85B4-9418504202B7}"
EndProject
Project("{9A19103F-16F7-4668-BE54-9A1E7A4F7556}") = "Peppy2", "Peppy2\Peppy2\Peppy2.csproj", "{9775B73E-D036-4C63-B958-CC830F85CA53}"
EndProject
Global
	GlobalSection(SolutionConfigurationPlatforms) = preSolution
		Debug|Any CPU = Debug|Any CPU
		Release|Any CPU = Release|Any CPU
	EndGlobalSection
	GlobalSection(ProjectConfigurationPlatforms) = postSolution
		{309E9C5F-AF18-4AB8-85B4-9418504202B7}.Debug|Any CPU.ActiveCfg = Debug|Any CPU
		{309E9C5F-AF18-4AB8-85B4-9418504202B7}.Debug|Any CPU.Build.0 = Debug|Any CPU
		{309E9C5F-AF18-4AB8-85B4-9418504202B7}.Debug|Any CPU.Deploy.0 = Debug|Any CPU
		{309E9C5F-AF18-4AB8-85B4-9418504202B7}.Release|Any CPU.ActiveCfg = Release|Any CPU
		{309E9C5F-AF18-4AB8-85B4-9418504202B7}.Release|Any CPU.Build.0 = Release|Any CPU
		{309E9C5F-AF18-4AB8-85B4-9418504202B7}.Release|Any CPU.Deploy.0 = Release|Any CPU
		{9775B73E-D036-4C63-B958-CC830F85CA53}.Debug|Any CPU.ActiveCfg = Debug|Any CPU
		{9775B73E-D036-4C63-B958-CC830F85CA53}.Debug|Any CPU.Build.0 = Debug|Any CPU
		{9775B73E-D036-4C63-B958-CC830F85CA53}.Debug|Any CPU.Deploy.0 = Debug|Any CPU
		{9775B73E-D036-4C63-B958-CC830F85CA53}.Release|Any CPU.ActiveCfg = Release|Any CPU
		{9775B73E-D036-4C63-B958-CC830F85CA53}.Release|Any CPU.Build.0 = Release|Any CPU
		{9775B73E-D036-4C63-B958-CC830F85CA53}.Release|Any CPU.Deploy.0 = Release|Any CPU
	EndGlobalSection
	GlobalSection(SolutionProperties) = preSolution
		HideSolutionNode = FALSE
	EndGlobalSection
	GlobalSection(ExtensibilityGlobals) = postSolution
		SolutionGuid = {C3620E72-A324-465F-8ACE-4DE37BD6E872}
	EndGlobalSection
EndGlobal
